
Microsoft Visual Studio Solution File, Format Version 12.00
# Visual Studio Version 16
VisualStudioVersion = 16.0.32413.511
MinimumVisualStudioVersion = 10.0.40219.1
Project("{9A19103F-16F7-4668-BE54-9A1E7A4F7556}") = "HexIO", "HexIO\HexIO.csproj", "{40FCCED0-B6B2-4CC8-B5BB-358875BFC0FA}"
EndProject
Project("{9A19103F-16F7-4668-BE54-9A1E7A4F7556}") = "HexIO.UnitTests", "HexIO.UnitTests\HexIO.UnitTests.csproj", "{1AB3D35F-324D-47DF-95DD-E09F5682C222}"
EndProject
Project("{9A19103F-16F7-4668-BE54-9A1E7A4F7556}") = "HexIO.Samples", "HexIO.Samples\HexIO.Samples.csproj", "{712A868D-43DF-4575-B13F-59E98D533485}"
EndProject
Project("{2150E333-8FDC-42A3-9474-1A3956D46DE8}") = "Solution Items", "Solution Items", "{79A16ADB-BC85-40AC-8ED4-AA7F79E8CE6C}"
	ProjectSection(SolutionItems) = preProject
		README.md = README.md
	EndProjectSection
EndProject
Global
	GlobalSection(SolutionConfigurationPlatforms) = preSolution
		Debug|Any CPU = Debug|Any CPU
		Debug|x64 = Debug|x64
		Debug|x86 = Debug|x86
		Release|Any CPU = Release|Any CPU
		Release|x64 = Release|x64
		Release|x86 = Release|x86
	EndGlobalSection
	GlobalSection(ProjectConfigurationPlatforms) = postSolution
		{40FCCED0-B6B2-4CC8-B5BB-358875BFC0FA}.Debug|Any CPU.ActiveCfg = Debug|Any CPU
		{40FCCED0-B6B2-4CC8-B5BB-358875BFC0FA}.Debug|Any CPU.Build.0 = Debug|Any CPU
		{40FCCED0-B6B2-4CC8-B5BB-358875BFC0FA}.Debug|x64.ActiveCfg = Debug|Any CPU
		{40FCCED0-B6B2-4CC8-B5BB-358875BFC0FA}.Debug|x64.Build.0 = Debug|Any CPU
		{40FCCED0-B6B2-4CC8-B5BB-358875BFC0FA}.Debug|x86.ActiveCfg = Debug|Any CPU
		{40FCCED0-B6B2-4CC8-B5BB-358875BFC0FA}.Debug|x86.Build.0 = Debug|Any CPU
		{40FCCED0-B6B2-4CC8-B5BB-358875BFC0FA}.Release|Any CPU.ActiveCfg = Release|Any CPU
		{40FCCED0-B6B2-4CC8-B5BB-358875BFC0FA}.Release|Any CPU.Build.0 = Release|Any CPU
		{40FCCED0-B6B2-4CC8-B5BB-358875BFC0FA}.Release|x64.ActiveCfg = Release|Any CPU
		{40FCCED0-B6B2-4CC8-B5BB-358875BFC0FA}.Release|x64.Build.0 = Release|Any CPU
		{40FCCED0-B6B2-4CC8-B5BB-358875BFC0FA}.Release|x86.ActiveCfg = Release|Any CPU
		{40FCCED0-B6B2-4CC8-B5BB-358875BFC0FA}.Release|x86.Build.0 = Release|Any CPU
		{1AB3D35F-324D-47DF-95DD-E09F5682C222}.Debug|Any CPU.ActiveCfg = Debug|Any CPU
		{1AB3D35F-324D-47DF-95DD-E09F5682C222}.Debug|Any CPU.Build.0 = Debug|Any CPU
		{1AB3D35F-324D-47DF-95DD-E09F5682C222}.Debug|x64.ActiveCfg = Debug|Any CPU
		{1AB3D35F-324D-47DF-95DD-E09F5682C222}.Debug|x64.Build.0 = Debug|Any CPU
		{1AB3D35F-324D-47DF-95DD-E09F5682C222}.Debug|x86.ActiveCfg = Debug|Any CPU
		{1AB3D35F-324D-47DF-95DD-E09F5682C222}.Debug|x86.Build.0 = Debug|Any CPU
		{1AB3D35F-324D-47DF-95DD-E09F5682C222}.Release|Any CPU.ActiveCfg = Release|Any CPU
		{1AB3D35F-324D-47DF-95DD-E09F5682C222}.Release|Any CPU.Build.0 = Release|Any CPU
		{1AB3D35F-324D-47DF-95DD-E09F5682C222}.Release|x64.ActiveCfg = Release|Any CPU
		{1AB3D35F-324D-47DF-95DD-E09F5682C222}.Release|x64.Build.0 = Release|Any CPU
		{1AB3D35F-324D-47DF-95DD-E09F5682C222}.Release|x86.ActiveCfg = Release|Any CPU
		{1AB3D35F-324D-47DF-95DD-E09F5682C222}.Release|x86.Build.0 = Release|Any CPU
		{712A868D-43DF-4575-B13F-59E98D533485}.Debug|Any CPU.ActiveCfg = Debug|Any CPU
		{712A868D-43DF-4575-B13F-59E98D533485}.Debug|Any CPU.Build.0 = Debug|Any CPU
		{712A868D-43DF-4575-B13F-59E98D533485}.Debug|x64.ActiveCfg = Debug|Any CPU
		{712A868D-43DF-4575-B13F-59E98D533485}.Debug|x64.Build.0 = Debug|Any CPU
		{712A868D-43DF-4575-B13F-59E98D533485}.Debug|x86.ActiveCfg = Debug|Any CPU
		{712A868D-43DF-4575-B13F-59E98D533485}.Debug|x86.Build.0 = Debug|Any CPU
		{712A868D-43DF-4575-B13F-59E98D533485}.Release|Any CPU.ActiveCfg = Release|Any CPU
		{712A868D-43DF-4575-B13F-59E98D533485}.Release|Any CPU.Build.0 = Release|Any CPU
		{712A868D-43DF-4575-B13F-59E98D533485}.Release|x64.ActiveCfg = Release|Any CPU
		{712A868D-43DF-4575-B13F-59E98D533485}.Release|x64.Build.0 = Release|Any CPU
		{712A868D-43DF-4575-B13F-59E98D533485}.Release|x86.ActiveCfg = Release|Any CPU
		{712A868D-43DF-4575-B13F-59E98D533485}.Release|x86.Build.0 = Release|Any CPU
	EndGlobalSection
	GlobalSection(SolutionProperties) = preSolution
		HideSolutionNode = FALSE
	EndGlobalSection
	GlobalSection(ExtensibilityGlobals) = postSolution
		SolutionGuid = {BC04A2B7-6D37-4D71-A650-42416A16EBFE}
	EndGlobalSection
EndGlobal
